// !$*UTF8*$!
{
	archiveVersion = 1;
	classes = {
	};
	objectVersion = 56;
	objects = {

/* Begin PBXBuildFile section */
		9C1B2D95440DB3C5861A1F14 /* Pods_4lesson3mHW.framework in Frameworks */ = {isa = PBXBuildFile; fileRef = A49D7087100AE4E3F5AD50CF /* Pods_4lesson3mHW.framework */; };
		A22D3B1429B5B3020007DB45 /* AppDelegate.swift in Sources */ = {isa = PBXBuildFile; fileRef = A22D3B1329B5B3020007DB45 /* AppDelegate.swift */; };
		A22D3B1629B5B3020007DB45 /* SceneDelegate.swift in Sources */ = {isa = PBXBuildFile; fileRef = A22D3B1529B5B3020007DB45 /* SceneDelegate.swift */; };
		A22D3B1B29B5B3020007DB45 /* Main.storyboard in Resources */ = {isa = PBXBuildFile; fileRef = A22D3B1929B5B3020007DB45 /* Main.storyboard */; };
		A22D3B1D29B5B3030007DB45 /* Assets.xcassets in Resources */ = {isa = PBXBuildFile; fileRef = A22D3B1C29B5B3030007DB45 /* Assets.xcassets */; };
		A22D3B2029B5B3030007DB45 /* LaunchScreen.storyboard in Resources */ = {isa = PBXBuildFile; fileRef = A22D3B1E29B5B3030007DB45 /* LaunchScreen.storyboard */; };
		A22D3B2B29B5B3A60007DB45 /* StartViewController.swift in Sources */ = {isa = PBXBuildFile; fileRef = A22D3B2929B5B3A60007DB45 /* StartViewController.swift */; };
		A22D3B2C29B5B3A60007DB45 /* StartViewController.xib in Resources */ = {isa = PBXBuildFile; fileRef = A22D3B2A29B5B3A60007DB45 /* StartViewController.xib */; };
		A22D3B2F29B5B3BB0007DB45 /* ViewController.swift in Sources */ = {isa = PBXBuildFile; fileRef = A22D3B2D29B5B3BB0007DB45 /* ViewController.swift */; };
		A22D3B3029B5B3BB0007DB45 /* ViewController.xib in Resources */ = {isa = PBXBuildFile; fileRef = A22D3B2E29B5B3BB0007DB45 /* ViewController.xib */; };
		A22D3B3A29B606D20007DB45 /* Struct.swift in Sources */ = {isa = PBXBuildFile; fileRef = A22D3B3929B606D10007DB45 /* Struct.swift */; };
		A22D3B3D29B610A20007DB45 /* TableViewCell.swift in Sources */ = {isa = PBXBuildFile; fileRef = A22D3B3B29B610A20007DB45 /* TableViewCell.swift */; };
		A22D3B3E29B610A20007DB45 /* TableViewCell.xib in Resources */ = {isa = PBXBuildFile; fileRef = A22D3B3C29B610A20007DB45 /* TableViewCell.xib */; };
/* End PBXBuildFile section */

/* Begin PBXFileReference section */
		1CC6A318A13C27DE413EBE9D /* Pods-4lesson3mHW.release.xcconfig */ = {isa = PBXFileReference; includeInIndex = 1; lastKnownFileType = text.xcconfig; name = "Pods-4lesson3mHW.release.xcconfig"; path = "Target Support Files/Pods-4lesson3mHW/Pods-4lesson3mHW.release.xcconfig"; sourceTree = "<group>"; };
		5F4F549AFF5F1B16E26E4BBC /* Pods-4lesson3mHW.debug.xcconfig */ = {isa = PBXFileReference; includeInIndex = 1; lastKnownFileType = text.xcconfig; name = "Pods-4lesson3mHW.debug.xcconfig"; path = "Target Support Files/Pods-4lesson3mHW/Pods-4lesson3mHW.debug.xcconfig"; sourceTree = "<group>"; };
		A22D3B1029B5B3020007DB45 /* 4lesson3mHW.app */ = {isa = PBXFileReference; explicitFileType = wrapper.application; includeInIndex = 0; path = 4lesson3mHW.app; sourceTree = BUILT_PRODUCTS_DIR; };
		A22D3B1329B5B3020007DB45 /* AppDelegate.swift */ = {isa = PBXFileReference; lastKnownFileType = sourcecode.swift; path = AppDelegate.swift; sourceTree = "<group>"; };
		A22D3B1529B5B3020007DB45 /* SceneDelegate.swift */ = {isa = PBXFileReference; lastKnownFileType = sourcecode.swift; path = SceneDelegate.swift; sourceTree = "<group>"; };
		A22D3B1A29B5B3020007DB45 /* Base */ = {isa = PBXFileReference; lastKnownFileType = file.storyboard; name = Base; path = Base.lproj/Main.storyboard; sourceTree = "<group>"; };
		A22D3B1C29B5B3030007DB45 /* Assets.xcassets */ = {isa = PBXFileReference; lastKnownFileType = folder.assetcatalog; path = Assets.xcassets; sourceTree = "<group>"; };
		A22D3B1F29B5B3030007DB45 /* Base */ = {isa = PBXFileReference; lastKnownFileType = file.storyboard; name = Base; path = Base.lproj/LaunchScreen.storyboard; sourceTree = "<group>"; };
		A22D3B2129B5B3030007DB45 /* Info.plist */ = {isa = PBXFileReference; lastKnownFileType = text.plist.xml; path = Info.plist; sourceTree = "<group>"; };
		A22D3B2929B5B3A60007DB45 /* StartViewController.swift */ = {isa = PBXFileReference; lastKnownFileType = sourcecode.swift; path = StartViewController.swift; sourceTree = "<group>"; };
		A22D3B2A29B5B3A60007DB45 /* StartViewController.xib */ = {isa = PBXFileReference; lastKnownFileType = file.xib; path = StartViewController.xib; sourceTree = "<group>"; };
		A22D3B2D29B5B3BB0007DB45 /* ViewController.swift */ = {isa = PBXFileReference; lastKnownFileType = sourcecode.swift; path = ViewController.swift; sourceTree = "<group>"; };
		A22D3B2E29B5B3BB0007DB45 /* ViewController.xib */ = {isa = PBXFileReference; lastKnownFileType = file.xib; path = ViewController.xib; sourceTree = "<group>"; };
		A22D3B3929B606D10007DB45 /* Struct.swift */ = {isa = PBXFileReference; lastKnownFileType = sourcecode.swift; path = Struct.swift; sourceTree = "<group>"; };
		A22D3B3B29B610A20007DB45 /* TableViewCell.swift */ = {isa = PBXFileReference; lastKnownFileType = sourcecode.swift; path = TableViewCell.swift; sourceTree = "<group>"; };
		A22D3B3C29B610A20007DB45 /* TableViewCell.xib */ = {isa = PBXFileReference; lastKnownFileType = file.xib; path = TableViewCell.xib; sourceTree = "<group>"; };
		A49D7087100AE4E3F5AD50CF /* Pods_4lesson3mHW.framework */ = {isa = PBXFileReference; explicitFileType = wrapper.framework; includeInIndex = 0; path = Pods_4lesson3mHW.framework; sourceTree = BUILT_PRODUCTS_DIR; };
/* End PBXFileReference section */

/* Begin PBXFrameworksBuildPhase section */
		A22D3B0D29B5B3020007DB45 /* Frameworks */ = {
			isa = PBXFrameworksBuildPhase;
			buildActionMask = 2147483647;
			files = (
				9C1B2D95440DB3C5861A1F14 /* Pods_4lesson3mHW.framework in Frameworks */,
			);
			runOnlyForDeploymentPostprocessing = 0;
		};
/* End PBXFrameworksBuildPhase section */

/* Begin PBXGroup section */
		100EA6A8EA0649D1D9EF262F /* Pods */ = {
			isa = PBXGroup;
			children = (
				5F4F549AFF5F1B16E26E4BBC /* Pods-4lesson3mHW.debug.xcconfig */,
				1CC6A318A13C27DE413EBE9D /* Pods-4lesson3mHW.release.xcconfig */,
			);
			path = Pods;
			sourceTree = "<group>";
		};
		50D0E13F007A2F95E8239E9D /* Frameworks */ = {
			isa = PBXGroup;
			children = (
				A49D7087100AE4E3F5AD50CF /* Pods_4lesson3mHW.framework */,
			);
			name = Frameworks;
			sourceTree = "<group>";
		};
		A22D3B0729B5B3020007DB45 = {
			isa = PBXGroup;
			children = (
				A22D3B1229B5B3020007DB45 /* 4lesson3mHW */,
				A22D3B1129B5B3020007DB45 /* Products */,
				100EA6A8EA0649D1D9EF262F /* Pods */,
				50D0E13F007A2F95E8239E9D /* Frameworks */,
			);
			sourceTree = "<group>";
		};
		A22D3B1129B5B3020007DB45 /* Products */ = {
			isa = PBXGroup;
			children = (
				A22D3B1029B5B3020007DB45 /* 4lesson3mHW.app */,
			);
			name = Products;
			sourceTree = "<group>";
		};
		A22D3B1229B5B3020007DB45 /* 4lesson3mHW */ = {
			isa = PBXGroup;
			children = (
				A22D3B2829B5B3800007DB45 /* AppDelegate */,
				A22D3B2729B5B3610007DB45 /* Resourse */,
				A22D3B2129B5B3030007DB45 /* Info.plist */,
				A22D3B2929B5B3A60007DB45 /* StartViewController.swift */,
				A22D3B2A29B5B3A60007DB45 /* StartViewController.xib */,
				A22D3B2D29B5B3BB0007DB45 /* ViewController.swift */,
				A22D3B2E29B5B3BB0007DB45 /* ViewController.xib */,
				A22D3B3929B606D10007DB45 /* Struct.swift */,
				A22D3B3B29B610A20007DB45 /* TableViewCell.swift */,
				A22D3B3C29B610A20007DB45 /* TableViewCell.xib */,
			);
			path = 4lesson3mHW;
			sourceTree = "<group>";
		};
		A22D3B2729B5B3610007DB45 /* Resourse */ = {
			isa = PBXGroup;
			children = (
				A22D3B1929B5B3020007DB45 /* Main.storyboard */,
				A22D3B1E29B5B3030007DB45 /* LaunchScreen.storyboard */,
				A22D3B1C29B5B3030007DB45 /* Assets.xcassets */,
			);
			path = Resourse;
			sourceTree = "<group>";
		};
		A22D3B2829B5B3800007DB45 /* AppDelegate */ = {
			isa = PBXGroup;
			children = (
				A22D3B1329B5B3020007DB45 /* AppDelegate.swift */,
				A22D3B1529B5B3020007DB45 /* SceneDelegate.swift */,
			);
			path = AppDelegate;
			sourceTree = "<group>";
		};
/* End PBXGroup section */

/* Begin PBXNativeTarget section */
		A22D3B0F29B5B3020007DB45 /* 4lesson3mHW */ = {
			isa = PBXNativeTarget;
			buildConfigurationList = A22D3B2429B5B3030007DB45 /* Build configuration list for PBXNativeTarget "4lesson3mHW" */;
			buildPhases = (
				60F396B14452B08C7DFB33E2 /* [CP] Check Pods Manifest.lock */,
				A22D3B0C29B5B3020007DB45 /* Sources */,
				A22D3B0D29B5B3020007DB45 /* Frameworks */,
				A22D3B0E29B5B3020007DB45 /* Resources */,
				14D824D7E88A31239021BA66 /* [CP] Embed Pods Frameworks */,
			);
			buildRules = (
			);
			dependencies = (
			);
			name = 4lesson3mHW;
			productName = 4lesson3mHW;
			productReference = A22D3B1029B5B3020007DB45 /* 4lesson3mHW.app */;
			productType = "com.apple.product-type.application";
		};
/* End PBXNativeTarget section */

/* Begin PBXProject section */
		A22D3B0829B5B3020007DB45 /* Project object */ = {
			isa = PBXProject;
			attributes = {
				BuildIndependentTargetsInParallel = 1;
				LastSwiftUpdateCheck = 1420;
				LastUpgradeCheck = 1420;
				TargetAttributes = {
					A22D3B0F29B5B3020007DB45 = {
						CreatedOnToolsVersion = 14.2;
					};
				};
			};
			buildConfigurationList = A22D3B0B29B5B3020007DB45 /* Build configuration list for PBXProject "4lesson3mHW" */;
			compatibilityVersion = "Xcode 14.0";
			developmentRegion = en;
			hasScannedForEncodings = 0;
			knownRegions = (
				en,
				Base,
			);
			mainGroup = A22D3B0729B5B3020007DB45;
			productRefGroup = A22D3B1129B5B3020007DB45 /* Products */;
			projectDirPath = "";
			projectRoot = "";
			targets = (
				A22D3B0F29B5B3020007DB45 /* 4lesson3mHW */,
			);
		};
/* End PBXProject section */

/* Begin PBXResourcesBuildPhase section */
		A22D3B0E29B5B3020007DB45 /* Resources */ = {
			isa = PBXResourcesBuildPhase;
			buildActionMask = 2147483647;
			files = (
				A22D3B2029B5B3030007DB45 /* LaunchScreen.storyboard in Resources */,
				A22D3B3E29B610A20007DB45 /* TableViewCell.xib in Resources */,
				A22D3B2C29B5B3A60007DB45 /* StartViewController.xib in Resources */,
				A22D3B1D29B5B3030007DB45 /* Assets.xcassets in Resources */,
				A22D3B1B29B5B3020007DB45 /* Main.storyboard in Resources */,
				A22D3B3029B5B3BB0007DB45 /* ViewController.xib in Resources */,
			);
			runOnlyForDeploymentPostprocessing = 0;
		};
/* End PBXResourcesBuildPhase section */

/* Begin PBXShellScriptBuildPhase section */
		14D824D7E88A31239021BA66 /* [CP] Embed Pods Frameworks */ = {
			isa = PBXShellScriptBuildPhase;
			buildActionMask = 2147483647;
			files = (
			);
			inputFileListPaths = (
				"${PODS_ROOT}/Target Support Files/Pods-4lesson3mHW/Pods-4lesson3mHW-frameworks-${CONFIGURATION}-input-files.xcfilelist",
			);
			name = "[CP] Embed Pods Frameworks";
			outputFileListPaths = (
				"${PODS_ROOT}/Target Support Files/Pods-4lesson3mHW/Pods-4lesson3mHW-frameworks-${CONFIGURATION}-output-files.xcfilelist",
			);
			runOnlyForDeploymentPostprocessing = 0;
			shellPath = /bin/sh;
			shellScript = "\"${PODS_ROOT}/Target Support Files/Pods-4lesson3mHW/Pods-4lesson3mHW-frameworks.sh\"\n";
			showEnvVarsInLog = 0;
		};
		60F396B14452B08C7DFB33E2 /* [CP] Check Pods Manifest.lock */ = {
			isa = PBXShellScriptBuildPhase;
			buildActionMask = 2147483647;
			files = (
			);
			inputFileListPaths = (
			);
			inputPaths = (
				"${PODS_PODFILE_DIR_PATH}/Podfile.lock",
				"${PODS_ROOT}/Manifest.lock",
			);
			name = "[CP] Check Pods Manifest.lock";
			outputFileListPaths = (
			);
			outputPaths = (
				"$(DERIVED_FILE_DIR)/Pods-4lesson3mHW-checkManifestLockResult.txt",
			);
			runOnlyForDeploymentPostprocessing = 0;
			shellPath = /bin/sh;
			shellScript = "diff \"${PODS_PODFILE_DIR_PATH}/Podfile.lock\" \"${PODS_ROOT}/Manifest.lock\" > /dev/null\nif [ $? != 0 ] ; then\n    # print error to STDERR\n    echo \"error: The sandbox is not in sync with the Podfile.lock. Run 'pod install' or update your CocoaPods installation.\" >&2\n    exit 1\nfi\n# This output is used by Xcode 'outputs' to avoid re-running this script phase.\necho \"SUCCESS\" > \"${SCRIPT_OUTPUT_FILE_0}\"\n";
			showEnvVarsInLog = 0;
		};
/* End PBXShellScriptBuildPhase section */

/* Begin PBXSourcesBuildPhase section */
		A22D3B0C29B5B3020007DB45 /* Sources */ = {
			isa = PBXSourcesBuildPhase;
			buildActionMask = 2147483647;
			files = (
				A22D3B3A29B606D20007DB45 /* Struct.swift in Sources */,
				A22D3B2B29B5B3A60007DB45 /* StartViewController.swift in Sources */,
				A22D3B1429B5B3020007DB45 /* AppDelegate.swift in Sources */,
				A22D3B3D29B610A20007DB45 /* TableViewCell.swift in Sources */,
				A22D3B2F29B5B3BB0007DB45 /* ViewController.swift in Sources */,
				A22D3B1629B5B3020007DB45 /* SceneDelegate.swift in Sources */,
			);
			runOnlyForDeploymentPostprocessing = 0;
		};
/* End PBXSourcesBuildPhase section */

/* Begin PBXVariantGroup section */
		A22D3B1929B5B3020007DB45 /* Main.storyboard */ = {
			isa = PBXVariantGroup;
			children = (
				A22D3B1A29B5B3020007DB45 /* Base */,
			);
			name = Main.storyboard;
			sourceTree = "<group>";
		};
		A22D3B1E29B5B3030007DB45 /* LaunchScreen.storyboard */ = {
			isa = PBXVariantGroup;
			children = (
				A22D3B1F29B5B3030007DB45 /* Base */,
			);
			name = LaunchScreen.storyboard;
			sourceTree = "<group>";
		};
/* End PBXVariantGroup section */

/* Begin XCBuildConfiguration section */
		A22D3B2229B5B3030007DB45 /* Debug */ = {
			isa = XCBuildConfiguration;
			buildSettings = {
				ALWAYS_SEARCH_USER_PATHS = NO;
				CLANG_ANALYZER_NONNULL = YES;
				CLANG_ANALYZER_NUMBER_OBJECT_CONVERSION = YES_AGGRESSIVE;
				CLANG_CXX_LANGUAGE_STANDARD = "gnu++20";
				CLANG_ENABLE_MODULES = YES;
				CLANG_ENABLE_OBJC_ARC = YES;
				CLANG_ENABLE_OBJC_WEAK = YES;
				CLANG_WARN_BLOCK_CAPTURE_AUTORELEASING = YES;
				CLANG_WARN_BOOL_CONVERSION = YES;
				CLANG_WARN_COMMA = YES;
				CLANG_WARN_CONSTANT_CONVERSION = YES;
				CLANG_WARN_DEPRECATED_OBJC_IMPLEMENTATIONS = YES;
				CLANG_WARN_DIRECT_OBJC_ISA_USAGE = YES_ERROR;
				CLANG_WARN_DOCUMENTATION_COMMENTS = YES;
				CLANG_WARN_EMPTY_BODY = YES;
				CLANG_WARN_ENUM_CONVERSION = YES;
				CLANG_WARN_INFINITE_RECURSION = YES;
				CLANG_WARN_INT_CONVERSION = YES;
				CLANG_WARN_NON_LITERAL_NULL_CONVERSION = YES;
				CLANG_WARN_OBJC_IMPLICIT_RETAIN_SELF = YES;
				CLANG_WARN_OBJC_LITERAL_CONVERSION = YES;
				CLANG_WARN_OBJC_ROOT_CLASS = YES_ERROR;
				CLANG_WARN_QUOTED_INCLUDE_IN_FRAMEWORK_HEADER = YES;
				CLANG_WARN_RANGE_LOOP_ANALYSIS = YES;
				CLANG_WARN_STRICT_PROTOTYPES = YES;
				CLANG_WARN_SUSPICIOUS_MOVE = YES;
				CLANG_WARN_UNGUARDED_AVAILABILITY = YES_AGGRESSIVE;
				CLANG_WARN_UNREACHABLE_CODE = YES;
				CLANG_WARN__DUPLICATE_METHOD_MATCH = YES;
				COPY_PHASE_STRIP = NO;
				DEBUG_INFORMATION_FORMAT = dwarf;
				ENABLE_STRICT_OBJC_MSGSEND = YES;
				ENABLE_TESTABILITY = YES;
				GCC_C_LANGUAGE_STANDARD = gnu11;
				GCC_DYNAMIC_NO_PIC = NO;
				GCC_NO_COMMON_BLOCKS = YES;
				GCC_OPTIMIZATION_LEVEL = 0;
				GCC_PREPROCESSOR_DEFINITIONS = (
					"DEBUG=1",
					"$(inherited)",
				);
				GCC_WARN_64_TO_32_BIT_CONVERSION = YES;
				GCC_WARN_ABOUT_RETURN_TYPE = YES_ERROR;
				GCC_WARN_UNDECLARED_SELECTOR = YES;
				GCC_WARN_UNINITIALIZED_AUTOS = YES_AGGRESSIVE;
				GCC_WARN_UNUSED_FUNCTION = YES;
				GCC_WARN_UNUSED_VARIABLE = YES;
				IPHONEOS_DEPLOYMENT_TARGET = 16.2;
				MTL_ENABLE_DEBUG_INFO = INCLUDE_SOURCE;
				MTL_FAST_MATH = YES;
				ONLY_ACTIVE_ARCH = YES;
				SDKROOT = iphoneos;
				SWIFT_ACTIVE_COMPILATION_CONDITIONS = DEBUG;
				SWIFT_OPTIMIZATION_LEVEL = "-Onone";
			};
			name = Debug;
		};
		A22D3B2329B5B3030007DB45 /* Release */ = {
			isa = XCBuildConfiguration;
			buildSettings = {
				ALWAYS_SEARCH_USER_PATHS = NO;
				CLANG_ANALYZER_NONNULL = YES;
				CLANG_ANALYZER_NUMBER_OBJECT_CONVERSION = YES_AGGRESSIVE;
				CLANG_CXX_LANGUAGE_STANDARD = "gnu++20";
				CLANG_ENABLE_MODULES = YES;
				CLANG_ENABLE_OBJC_ARC = YES;
				CLANG_ENABLE_OBJC_WEAK = YES;
				CLANG_WARN_BLOCK_CAPTURE_AUTORELEASING = YES;
				CLANG_WARN_BOOL_CONVERSION = YES;
				CLANG_WARN_COMMA = YES;
				CLANG_WARN_CONSTANT_CONVERSION = YES;
				CLANG_WARN_DEPRECATED_OBJC_IMPLEMENTATIONS = YES;
				CLANG_WARN_DIRECT_OBJC_ISA_USAGE = YES_ERROR;
				CLANG_WARN_DOCUMENTATION_COMMENTS = YES;
				CLANG_WARN_EMPTY_BODY = YES;
				CLANG_WARN_ENUM_CONVERSION = YES;
				CLANG_WARN_INFINITE_RECURSION = YES;
				CLANG_WARN_INT_CONVERSION = YES;
				CLANG_WARN_NON_LITERAL_NULL_CONVERSION = YES;
				CLANG_WARN_OBJC_IMPLICIT_RETAIN_SELF = YES;
				CLANG_WARN_OBJC_LITERAL_CONVERSION = YES;
				CLANG_WARN_OBJC_ROOT_CLASS = YES_ERROR;
				CLANG_WARN_QUOTED_INCLUDE_IN_FRAMEWORK_HEADER = YES;
				CLANG_WARN_RANGE_LOOP_ANALYSIS = YES;
				CLANG_WARN_STRICT_PROTOTYPES = YES;
				CLANG_WARN_SUSPICIOUS_MOVE = YES;
				CLANG_WARN_UNGUARDED_AVAILABILITY = YES_AGGRESSIVE;
				CLANG_WARN_UNREACHABLE_CODE = YES;
				CLANG_WARN__DUPLICATE_METHOD_MATCH = YES;
				COPY_PHASE_STRIP = NO;
				DEBUG_INFORMATION_FORMAT = "dwarf-with-dsym";
				ENABLE_NS_ASSERTIONS = NO;
				ENABLE_STRICT_OBJC_MSGSEND = YES;
				GCC_C_LANGUAGE_STANDARD = gnu11;
				GCC_NO_COMMON_BLOCKS = YES;
				GCC_WARN_64_TO_32_BIT_CONVERSION = YES;
				GCC_WARN_ABOUT_RETURN_TYPE = YES_ERROR;
				GCC_WARN_UNDECLARED_SELECTOR = YES;
				GCC_WARN_UNINITIALIZED_AUTOS = YES_AGGRESSIVE;
				GCC_WARN_UNUSED_FUNCTION = YES;
				GCC_WARN_UNUSED_VARIABLE = YES;
				IPHONEOS_DEPLOYMENT_TARGET = 16.2;
				MTL_ENABLE_DEBUG_INFO = NO;
				MTL_FAST_MATH = YES;
				SDKROOT = iphoneos;
				SWIFT_COMPILATION_MODE = wholemodule;
				SWIFT_OPTIMIZATION_LEVEL = "-O";
				VALIDATE_PRODUCT = YES;
			};
			name = Release;
		};
		A22D3B2529B5B3030007DB45 /* Debug */ = {
			isa = XCBuildConfiguration;
			baseConfigurationReference = 5F4F549AFF5F1B16E26E4BBC /* Pods-4lesson3mHW.debug.xcconfig */;
			buildSettings = {
				ASSETCATALOG_COMPILER_APPICON_NAME = AppIcon;
				ASSETCATALOG_COMPILER_GLOBAL_ACCENT_COLOR_NAME = AccentColor;
				CODE_SIGN_STYLE = Automatic;
				CURRENT_PROJECT_VERSION = 1;
				GENERATE_INFOPLIST_FILE = YES;
				INFOPLIST_FILE = 4lesson3mHW/Info.plist;
				INFOPLIST_KEY_UIApplicationSupportsIndirectInputEvents = YES;
				INFOPLIST_KEY_UILaunchStoryboardName = LaunchScreen;
				INFOPLIST_KEY_UIMainStoryboardFile = Main;
				INFOPLIST_KEY_UISupportedInterfaceOrientations_iPad = "UIInterfaceOrientationPortrait UIInterfaceOrientationPortraitUpsideDown UIInterfaceOrientationLandscapeLeft UIInterfaceOrientationLandscapeRight";
				INFOPLIST_KEY_UISupportedInterfaceOrientations_iPhone = "UIInterfaceOrientationPortrait UIInterfaceOrientationLandscapeLeft UIInterfaceOrientationLandscapeRight";
				LD_RUNPATH_SEARCH_PATHS = (
					"$(inherited)",
					"@executable_path/Frameworks",
				);
				MARKETING_VERSION = 1.0;
				PRODUCT_BUNDLE_IDENTIFIER = "kg.geektech.-lesson3mHW";
				PRODUCT_NAME = "$(TARGET_NAME)";
				SWIFT_EMIT_LOC_STRINGS = YES;
				SWIFT_VERSION = 5.0;
				TARGETED_DEVICE_FAMILY = "1,2";
			};
			name = Debug;
		};
		A22D3B2629B5B3030007DB45 /* Release */ = {
			isa = XCBuildConfiguration;
			baseConfigurationReference = 1CC6A318A13C27DE413EBE9D /* Pods-4lesson3mHW.release.xcconfig */;
			buildSettings = {
				ASSETCATALOG_COMPILER_APPICON_NAME = AppIcon;
				ASSETCATALOG_COMPILER_GLOBAL_ACCENT_COLOR_NAME = AccentColor;
				CODE_SIGN_STYLE = Automatic;
				CURRENT_PROJECT_VERSION = 1;
				GENERATE_INFOPLIST_FILE = YES;
				INFOPLIST_FILE = 4lesson3mHW/Info.plist;
				INFOPLIST_KEY_UIApplicationSupportsIndirectInputEvents = YES;
				INFOPLIST_KEY_UILaunchStoryboardName = LaunchScreen;
				INFOPLIST_KEY_UIMainStoryboardFile = Main;
				INFOPLIST_KEY_UISupportedInterfaceOrientations_iPad = "UIInterfaceOrientationPortrait UIInterfaceOrientationPortraitUpsideDown UIInterfaceOrientationLandscapeLeft UIInterfaceOrientationLandscapeRight";
				INFOPLIST_KEY_UISupportedInterfaceOrientations_iPhone = "UIInterfaceOrientationPortrait UIInterfaceOrientationLandscapeLeft UIInterfaceOrientationLandscapeRight";
				LD_RUNPATH_SEARCH_PATHS = (
					"$(inherited)",
					"@executable_path/Frameworks",
				);
				MARKETING_VERSION = 1.0;
				PRODUCT_BUNDLE_IDENTIFIER = "kg.geektech.-lesson3mHW";
				PRODUCT_NAME = "$(TARGET_NAME)";
				SWIFT_EMIT_LOC_STRINGS = YES;
				SWIFT_VERSION = 5.0;
				TARGETED_DEVICE_FAMILY = "1,2";
			};
			name = Release;
		};
/* End XCBuildConfiguration section */

/* Begin XCConfigurationList section */
		A22D3B0B29B5B3020007DB45 /* Build configuration list for PBXProject "4lesson3mHW" */ = {
			isa = XCConfigurationList;
			buildConfigurations = (
				A22D3B2229B5B3030007DB45 /* Debug */,
				A22D3B2329B5B3030007DB45 /* Release */,
			);
			defaultConfigurationIsVisible = 0;
			defaultConfigurationName = Release;
		};
		A22D3B2429B5B3030007DB45 /* Build configuration list for PBXNativeTarget "4lesson3mHW" */ = {
			isa = XCConfigurationList;
			buildConfigurations = (
				A22D3B2529B5B3030007DB45 /* Debug */,
				A22D3B2629B5B3030007DB45 /* Release */,
			);
			defaultConfigurationIsVisible = 0;
			defaultConfigurationName = Release;
		};
/* End XCConfigurationList section */
	};
	rootObject = A22D3B0829B5B3020007DB45 /* Project object */;
}
